
Microsoft Visual Studio Solution File, Format Version 12.00
# Visual Studio Version 16
VisualStudioVersion = 16.0.29306.81
MinimumVisualStudioVersion = 10.0.40219.1
Project("{FAE04EC0-301F-11D3-BF4B-00C04F79EFBC}") = "Osahaneat", "Osahaneat\Osahaneat.csproj", "{AE131722-C7CD-4B16-99A1-272313C266C0}"
EndProject
Global
	GlobalSection(SolutionConfigurationPlatforms) = preSolution
		Debug|Any CPU = Debug|Any CPU
		Release|Any CPU = Release|Any CPU
	EndGlobalSection
	GlobalSection(ProjectConfigurationPlatforms) = postSolution
		{AE131722-C7CD-4B16-99A1-272313C266C0}.Debug|Any CPU.ActiveCfg = Debug|Any CPU
		{AE131722-C7CD-4B16-99A1-272313C266C0}.Debug|Any CPU.Build.0 = Debug|Any CPU
		{AE131722-C7CD-4B16-99A1-272313C266C0}.Release|Any CPU.ActiveCfg = Release|Any CPU
		{AE131722-C7CD-4B16-99A1-272313C266C0}.Release|Any CPU.Build.0 = Release|Any CPU
	EndGlobalSection
	GlobalSection(SolutionProperties) = preSolution
		HideSolutionNode = FALSE
	EndGlobalSection
	GlobalSection(ExtensibilityGlobals) = postSolution
		SolutionGuid = {55160D10-1529-46F9-8D16-DCFABD2A56D0}
	EndGlobalSection
EndGlobal
